
Microsoft Visual Studio Solution File, Format Version 12.00
# Visual Studio Version 17
VisualStudioVersion = 17.11.35303.130
MinimumVisualStudioVersion = 10.0.40219.1
Project("{FAE04EC0-301F-11D3-BF4B-00C04F79EFBC}") = "Hi .Net Practice", "Hi .Net Practice\Hi .Net Practice.csproj", "{6FC3DEA6-D691-4C80-9D55-189E5FB976E2}"
EndProject
Global
	GlobalSection(SolutionConfigurationPlatforms) = preSolution
		Debug|Any CPU = Debug|Any CPU
		Release|Any CPU = Release|Any CPU
	EndGlobalSection
	GlobalSection(ProjectConfigurationPlatforms) = postSolution
		{6FC3DEA6-D691-4C80-9D55-189E5FB976E2}.Debug|Any CPU.ActiveCfg = Debug|Any CPU
		{6FC3DEA6-D691-4C80-9D55-189E5FB976E2}.Debug|Any CPU.Build.0 = Debug|Any CPU
		{6FC3DEA6-D691-4C80-9D55-189E5FB976E2}.Release|Any CPU.ActiveCfg = Release|Any CPU
		{6FC3DEA6-D691-4C80-9D55-189E5FB976E2}.Release|Any CPU.Build.0 = Release|Any CPU
	EndGlobalSection
	GlobalSection(SolutionProperties) = preSolution
		HideSolutionNode = FALSE
	EndGlobalSection
	GlobalSection(ExtensibilityGlobals) = postSolution
		SolutionGuid = {29193CC7-DA29-4E41-98FE-1EC19EF6A4A6}
	EndGlobalSection
EndGlobal
